// !$*UTF8*$!
{
	archiveVersion = 1;
	classes = {
	};
	objectVersion = 50;
	objects = {

/* Begin PBXBuildFile section */
		565D9412224BB530006B6F1B /* Cocoa.framework in Frameworks */ = {isa = PBXBuildFile; fileRef = 565D9411224BB530006B6F1B /* Cocoa.framework */; };
		565D9415224BB530006B6F1B /* Synced Tabs-Prefix.pch in Resources */ = {isa = PBXBuildFile; fileRef = 565D9414224BB530006B6F1B /* Synced Tabs-Prefix.pch */; };
		565D9418224BB530006B6F1B /* GlyphsCore.framework in Frameworks */ = {isa = PBXBuildFile; fileRef = 565D9417224BB530006B6F1B /* GlyphsCore.framework */; };
		565D941B224BB530006B6F1B /* MFSyncedTabs.m in Sources */ = {isa = PBXBuildFile; fileRef = 565D941A224BB530006B6F1B /* MFSyncedTabs.m */; };
/* End PBXBuildFile section */

/* Begin PBXFileReference section */
		565D940E224BB530006B6F1B /* Synced Tabs.glyphsReporter */ = {isa = PBXFileReference; explicitFileType = wrapper.cfbundle; includeInIndex = 0; path = "Synced Tabs.glyphsReporter"; sourceTree = BUILT_PRODUCTS_DIR; };
		565D9411224BB530006B6F1B /* Cocoa.framework */ = {isa = PBXFileReference; lastKnownFileType = wrapper.framework; name = Cocoa.framework; path = System/Library/Frameworks/Cocoa.framework; sourceTree = SDKROOT; };
		565D9414224BB530006B6F1B /* Synced Tabs-Prefix.pch */ = {isa = PBXFileReference; lastKnownFileType = sourcecode.c.h; path = "Synced Tabs-Prefix.pch"; sourceTree = "<group>"; };
		565D9417224BB530006B6F1B /* GlyphsCore.framework */ = {isa = PBXFileReference; lastKnownFileType = wrapper.framework; name = GlyphsCore.framework; path = /Applications/Glyphs.app/Contents/Frameworks/GlyphsCore.framework; sourceTree = "<absolute>"; };
		565D9419224BB530006B6F1B /* MFSyncedTabs.h */ = {isa = PBXFileReference; lastKnownFileType = sourcecode.c.h; path = MFSyncedTabs.h; sourceTree = "<group>"; };
		565D941A224BB530006B6F1B /* MFSyncedTabs.m */ = {isa = PBXFileReference; lastKnownFileType = sourcecode.c.objc; path = MFSyncedTabs.m; sourceTree = "<group>"; };
		565D941C224BB530006B6F1B /* Info.plist */ = {isa = PBXFileReference; lastKnownFileType = text.plist.xml; path = Info.plist; sourceTree = "<group>"; };
/* End PBXFileReference section */

/* Begin PBXFrameworksBuildPhase section */
		565D940B224BB530006B6F1B /* Frameworks */ = {
			isa = PBXFrameworksBuildPhase;
			buildActionMask = 2147483647;
			files = (
				565D9418224BB530006B6F1B /* GlyphsCore.framework in Frameworks */,
				565D9412224BB530006B6F1B /* Cocoa.framework in Frameworks */,
			);
			runOnlyForDeploymentPostprocessing = 0;
		};
/* End PBXFrameworksBuildPhase section */

/* Begin PBXGroup section */
		565D9405224BB530006B6F1B = {
			isa = PBXGroup;
			children = (
				565D9413224BB530006B6F1B /* Synced Tabs */,
				565D9410224BB530006B6F1B /* Frameworks */,
				565D940F224BB530006B6F1B /* Products */,
			);
			sourceTree = "<group>";
		};
		565D940F224BB530006B6F1B /* Products */ = {
			isa = PBXGroup;
			children = (
				565D940E224BB530006B6F1B /* Synced Tabs.glyphsReporter */,
			);
			name = Products;
			sourceTree = "<group>";
		};
		565D9410224BB530006B6F1B /* Frameworks */ = {
			isa = PBXGroup;
			children = (
				565D9411224BB530006B6F1B /* Cocoa.framework */,
			);
			name = Frameworks;
			sourceTree = "<group>";
		};
		565D9413224BB530006B6F1B /* Synced Tabs */ = {
			isa = PBXGroup;
			children = (
				565D9414224BB530006B6F1B /* Synced Tabs-Prefix.pch */,
				565D9419224BB530006B6F1B /* MFSyncedTabs.h */,
				565D941A224BB530006B6F1B /* MFSyncedTabs.m */,
				565D941C224BB530006B6F1B /* Info.plist */,
				565D9416224BB530006B6F1B /* Supporting Files */,
			);
			path = "Synced Tabs";
			sourceTree = "<group>";
		};
		565D9416224BB530006B6F1B /* Supporting Files */ = {
			isa = PBXGroup;
			children = (
				565D9417224BB530006B6F1B /* GlyphsCore.framework */,
			);
			name = "Supporting Files";
			sourceTree = "<group>";
		};
/* End PBXGroup section */

/* Begin PBXNativeTarget section */
		565D940D224BB530006B6F1B /* Synced Tabs */ = {
			isa = PBXNativeTarget;
			buildConfigurationList = 565D941F224BB530006B6F1B /* Build configuration list for PBXNativeTarget "Synced Tabs" */;
			buildPhases = (
				565D940A224BB530006B6F1B /* Sources */,
				565D940B224BB530006B6F1B /* Frameworks */,
				565D940C224BB530006B6F1B /* Resources */,
			);
			buildRules = (
			);
			dependencies = (
			);
			name = "Synced Tabs";
			productName = "Synced Tabs";
			productReference = 565D940E224BB530006B6F1B /* Synced Tabs.glyphsReporter */;
			productType = "com.apple.product-type.bundle";
		};
/* End PBXNativeTarget section */

/* Begin PBXProject section */
		565D9406224BB530006B6F1B /* Project object */ = {
			isa = PBXProject;
			attributes = {
				LastUpgradeCheck = 1010;
				ORGANIZATIONNAME = markfromberg;
				TargetAttributes = {
					565D940D224BB530006B6F1B = {
						CreatedOnToolsVersion = 10.1;
					};
				};
			};
			buildConfigurationList = 565D9409224BB530006B6F1B /* Build configuration list for PBXProject "Synced Tabs" */;
			compatibilityVersion = "Xcode 9.3";
			developmentRegion = en;
			hasScannedForEncodings = 0;
			knownRegions = (
				en,
			);
			mainGroup = 565D9405224BB530006B6F1B;
			productRefGroup = 565D940F224BB530006B6F1B /* Products */;
			projectDirPath = "";
			projectRoot = "";
			targets = (
				565D940D224BB530006B6F1B /* Synced Tabs */,
			);
		};
/* End PBXProject section */

/* Begin PBXResourcesBuildPhase section */
		565D940C224BB530006B6F1B /* Resources */ = {
			isa = PBXResourcesBuildPhase;
			buildActionMask = 2147483647;
			files = (
				565D9415224BB530006B6F1B /* Synced Tabs-Prefix.pch in Resources */,
			);
			runOnlyForDeploymentPostprocessing = 0;
		};
/* End PBXResourcesBuildPhase section */

/* Begin PBXSourcesBuildPhase section */
		565D940A224BB530006B6F1B /* Sources */ = {
			isa = PBXSourcesBuildPhase;
			buildActionMask = 2147483647;
			files = (
				565D941B224BB530006B6F1B /* MFSyncedTabs.m in Sources */,
			);
			runOnlyForDeploymentPostprocessing = 0;
		};
/* End PBXSourcesBuildPhase section */

/* Begin XCBuildConfiguration section */
		565D941D224BB530006B6F1B /* Debug */ = {
			isa = XCBuildConfiguration;
			buildSettings = {
				ALWAYS_SEARCH_USER_PATHS = NO;
				CLANG_ANALYZER_NONNULL = YES;
				CLANG_ANALYZER_NUMBER_OBJECT_CONVERSION = YES_AGGRESSIVE;
				CLANG_CXX_LANGUAGE_STANDARD = "gnu++14";
				CLANG_CXX_LIBRARY = "libc++";
				CLANG_ENABLE_MODULES = YES;
				CLANG_ENABLE_OBJC_ARC = YES;
				CLANG_ENABLE_OBJC_WEAK = YES;
				CLANG_WARN_BLOCK_CAPTURE_AUTORELEASING = YES;
				CLANG_WARN_BOOL_CONVERSION = YES;
				CLANG_WARN_COMMA = YES;
				CLANG_WARN_CONSTANT_CONVERSION = YES;
				CLANG_WARN_DEPRECATED_OBJC_IMPLEMENTATIONS = YES;
				CLANG_WARN_DIRECT_OBJC_ISA_USAGE = YES_ERROR;
				CLANG_WARN_DOCUMENTATION_COMMENTS = YES;
				CLANG_WARN_EMPTY_BODY = YES;
				CLANG_WARN_ENUM_CONVERSION = YES;
				CLANG_WARN_INFINITE_RECURSION = YES;
				CLANG_WARN_INT_CONVERSION = YES;
				CLANG_WARN_NON_LITERAL_NULL_CONVERSION = YES;
				CLANG_WARN_OBJC_IMPLICIT_RETAIN_SELF = YES;
				CLANG_WARN_OBJC_LITERAL_CONVERSION = YES;
				CLANG_WARN_OBJC_ROOT_CLASS = YES_ERROR;
				CLANG_WARN_RANGE_LOOP_ANALYSIS = YES;
				CLANG_WARN_STRICT_PROTOTYPES = YES;
				CLANG_WARN_SUSPICIOUS_MOVE = YES;
				CLANG_WARN_UNGUARDED_AVAILABILITY = YES_AGGRESSIVE;
				CLANG_WARN_UNREACHABLE_CODE = YES;
				CLANG_WARN__DUPLICATE_METHOD_MATCH = YES;
				CODE_SIGN_IDENTITY = "Mac Developer";
				COPY_PHASE_STRIP = NO;
				DEBUG_INFORMATION_FORMAT = dwarf;
				ENABLE_STRICT_OBJC_MSGSEND = YES;
				ENABLE_TESTABILITY = YES;
				GCC_C_LANGUAGE_STANDARD = gnu11;
				GCC_DYNAMIC_NO_PIC = NO;
				GCC_NO_COMMON_BLOCKS = YES;
				GCC_OPTIMIZATION_LEVEL = 0;
				GCC_PREPROCESSOR_DEFINITIONS = (
					"DEBUG=1",
					"$(inherited)",
				);
				GCC_WARN_64_TO_32_BIT_CONVERSION = YES;
				GCC_WARN_ABOUT_RETURN_TYPE = YES_ERROR;
				GCC_WARN_UNDECLARED_SELECTOR = YES;
				GCC_WARN_UNINITIALIZED_AUTOS = YES_AGGRESSIVE;
				GCC_WARN_UNUSED_FUNCTION = YES;
				GCC_WARN_UNUSED_VARIABLE = YES;
				MACOSX_DEPLOYMENT_TARGET = 10.13;
				MTL_ENABLE_DEBUG_INFO = INCLUDE_SOURCE;
				MTL_FAST_MATH = YES;
				ONLY_ACTIVE_ARCH = YES;
				SDKROOT = macosx;
			};
			name = Debug;
		};
		565D941E224BB530006B6F1B /* Release */ = {
			isa = XCBuildConfiguration;
			buildSettings = {
				ALWAYS_SEARCH_USER_PATHS = NO;
				CLANG_ANALYZER_NONNULL = YES;
				CLANG_ANALYZER_NUMBER_OBJECT_CONVERSION = YES_AGGRESSIVE;
				CLANG_CXX_LANGUAGE_STANDARD = "gnu++14";
				CLANG_CXX_LIBRARY = "libc++";
				CLANG_ENABLE_MODULES = YES;
				CLANG_ENABLE_OBJC_ARC = YES;
				CLANG_ENABLE_OBJC_WEAK = YES;
				CLANG_WARN_BLOCK_CAPTURE_AUTORELEASING = YES;
				CLANG_WARN_BOOL_CONVERSION = YES;
				CLANG_WARN_COMMA = YES;
				CLANG_WARN_CONSTANT_CONVERSION = YES;
				CLANG_WARN_DEPRECATED_OBJC_IMPLEMENTATIONS = YES;
				CLANG_WARN_DIRECT_OBJC_ISA_USAGE = YES_ERROR;
				CLANG_WARN_DOCUMENTATION_COMMENTS = YES;
				CLANG_WARN_EMPTY_BODY = YES;
				CLANG_WARN_ENUM_CONVERSION = YES;
				CLANG_WARN_INFINITE_RECURSION = YES;
				CLANG_WARN_INT_CONVERSION = YES;
				CLANG_WARN_NON_LITERAL_NULL_CONVERSION = YES;
				CLANG_WARN_OBJC_IMPLICIT_RETAIN_SELF = YES;
				CLANG_WARN_OBJC_LITERAL_CONVERSION = YES;
				CLANG_WARN_OBJC_ROOT_CLASS = YES_ERROR;
				CLANG_WARN_RANGE_LOOP_ANALYSIS = YES;
				CLANG_WARN_STRICT_PROTOTYPES = YES;
				CLANG_WARN_SUSPICIOUS_MOVE = YES;
				CLANG_WARN_UNGUARDED_AVAILABILITY = YES_AGGRESSIVE;
				CLANG_WARN_UNREACHABLE_CODE = YES;
				CLANG_WARN__DUPLICATE_METHOD_MATCH = YES;
				CODE_SIGN_IDENTITY = "Mac Developer";
				COPY_PHASE_STRIP = NO;
				DEBUG_INFORMATION_FORMAT = "dwarf-with-dsym";
				ENABLE_NS_ASSERTIONS = NO;
				ENABLE_STRICT_OBJC_MSGSEND = YES;
				GCC_C_LANGUAGE_STANDARD = gnu11;
				GCC_NO_COMMON_BLOCKS = YES;
				GCC_WARN_64_TO_32_BIT_CONVERSION = YES;
				GCC_WARN_ABOUT_RETURN_TYPE = YES_ERROR;
				GCC_WARN_UNDECLARED_SELECTOR = YES;
				GCC_WARN_UNINITIALIZED_AUTOS = YES_AGGRESSIVE;
				GCC_WARN_UNUSED_FUNCTION = YES;
				GCC_WARN_UNUSED_VARIABLE = YES;
				MACOSX_DEPLOYMENT_TARGET = 10.13;
				MTL_ENABLE_DEBUG_INFO = NO;
				MTL_FAST_MATH = YES;
				SDKROOT = macosx;
			};
			name = Release;
		};
		565D9420224BB530006B6F1B /* Debug */ = {
			isa = XCBuildConfiguration;
			buildSettings = {
				CODE_SIGN_IDENTITY = "Developer ID Application";
				CODE_SIGN_STYLE = Manual;
				COMBINE_HIDPI_IMAGES = YES;
				DEPLOYMENT_LOCATION = YES;
				DEVELOPMENT_TEAM = X2L8375ZQ7;
				DSTROOT = "$(USER_LIBRARY_DIR)/Application Support/Glyphs/Plugins";
				FRAMEWORK_SEARCH_PATHS = "$(SYSTEM_APPS_DIR)/Glyphs.app/Contents/Frameworks";
				GCC_PREFIX_HEADER = "Synced Tabs/Synced Tabs-Prefix.pch";
				INFOPLIST_FILE = "Synced Tabs/Info.plist";
				INSTALL_PATH = /;
				MACOSX_DEPLOYMENT_TARGET = 10.9;
				PRODUCT_BUNDLE_IDENTIFIER = com.markfromberg.SyncedTabs;
				PRODUCT_NAME = "$(TARGET_NAME)";
				PROVISIONING_PROFILE_SPECIFIER = "";
				WRAPPER_EXTENSION = glyphsReporter;
			};
			name = Debug;
		};
		565D9421224BB530006B6F1B /* Release */ = {
			isa = XCBuildConfiguration;
			buildSettings = {
				CODE_SIGN_IDENTITY = "Developer ID Application";
				CODE_SIGN_STYLE = Manual;
				COMBINE_HIDPI_IMAGES = YES;
				DEVELOPMENT_TEAM = X2L8375ZQ7;
				FRAMEWORK_SEARCH_PATHS = "$(SYSTEM_APPS_DIR)/Glyphs.app/Contents/Frameworks";
				GCC_PREFIX_HEADER = "Synced Tabs/Synced Tabs-Prefix.pch";
				INFOPLIST_FILE = "Synced Tabs/Info.plist";
				INSTALL_PATH = /;
				MACOSX_DEPLOYMENT_TARGET = 10.9;
				PRODUCT_BUNDLE_IDENTIFIER = com.markfromberg.SyncedTabs;
				PRODUCT_NAME = "$(TARGET_NAME)";
				PROVISIONING_PROFILE_SPECIFIER = "";
				WRAPPER_EXTENSION = glyphsReporter;
			};
			name = Release;
		};
/* End XCBuildConfiguration section */

/* Begin XCConfigurationList section */
		565D9409224BB530006B6F1B /* Build configuration list for PBXProject "Synced Tabs" */ = {
			isa = XCConfigurationList;
			buildConfigurations = (
				565D941D224BB530006B6F1B /* Debug */,
				565D941E224BB530006B6F1B /* Release */,
			);
			defaultConfigurationIsVisible = 0;
			defaultConfigurationName = Release;
		};
		565D941F224BB530006B6F1B /* Build configuration list for PBXNativeTarget "Synced Tabs" */ = {
			isa = XCConfigurationList;
			buildConfigurations = (
				565D9420224BB530006B6F1B /* Debug */,
				565D9421224BB530006B6F1B /* Release */,
			);
			defaultConfigurationIsVisible = 0;
			defaultConfigurationName = Release;
		};
/* End XCConfigurationList section */
	};
	rootObject = 565D9406224BB530006B6F1B /* Project object */;
}
